
Microsoft Visual Studio Solution File, Format Version 12.00
# Visual Studio 15
Project("{FAE04EC0-301F-11D3-BF4B-00C04F79EFBC}") = "Assembly-CSharp-firstpass", "Assembly-CSharp-firstpass.csproj", "{40BDBFEE-1672-80A6-DB81-4DC1425B4867}"
EndProject
Project("{FAE04EC0-301F-11D3-BF4B-00C04F79EFBC}") = "Assembly-CSharp-Editor-firstpass", "Assembly-CSharp-Editor-firstpass.csproj", "{028785DD-4D12-04E4-F5C3-95BA209DFF36}"
EndProject
Project("{FAE04EC0-301F-11D3-BF4B-00C04F79EFBC}") = "Assembly-CSharp", "Assembly-CSharp.csproj", "{1361C0AA-D448-79A7-B82D-40DC9F507977}"
EndProject
Global
	GlobalSection(SolutionConfigurationPlatforms) = preSolution
		Debug|Any CPU = Debug|Any CPU
		Release|Any CPU = Release|Any CPU
	EndGlobalSection
	GlobalSection(ProjectConfigurationPlatforms) = postSolution
		{40BDBFEE-1672-80A6-DB81-4DC1425B4867}.Debug|Any CPU.ActiveCfg = Debug|Any CPU
		{40BDBFEE-1672-80A6-DB81-4DC1425B4867}.Debug|Any CPU.Build.0 = Debug|Any CPU
		{40BDBFEE-1672-80A6-DB81-4DC1425B4867}.Release|Any CPU.ActiveCfg = Release|Any CPU
		{40BDBFEE-1672-80A6-DB81-4DC1425B4867}.Release|Any CPU.Build.0 = Release|Any CPU
		{028785DD-4D12-04E4-F5C3-95BA209DFF36}.Debug|Any CPU.ActiveCfg = Debug|Any CPU
		{028785DD-4D12-04E4-F5C3-95BA209DFF36}.Debug|Any CPU.Build.0 = Debug|Any CPU
		{028785DD-4D12-04E4-F5C3-95BA209DFF36}.Release|Any CPU.ActiveCfg = Release|Any CPU
		{028785DD-4D12-04E4-F5C3-95BA209DFF36}.Release|Any CPU.Build.0 = Release|Any CPU
		{1361C0AA-D448-79A7-B82D-40DC9F507977}.Debug|Any CPU.ActiveCfg = Debug|Any CPU
		{1361C0AA-D448-79A7-B82D-40DC9F507977}.Debug|Any CPU.Build.0 = Debug|Any CPU
		{1361C0AA-D448-79A7-B82D-40DC9F507977}.Release|Any CPU.ActiveCfg = Release|Any CPU
		{1361C0AA-D448-79A7-B82D-40DC9F507977}.Release|Any CPU.Build.0 = Release|Any CPU
	EndGlobalSection
	GlobalSection(SolutionProperties) = preSolution
		HideSolutionNode = FALSE
	EndGlobalSection
EndGlobal
